
Microsoft Visual Studio Solution File, Format Version 12.00
# Visual Studio Version 16
VisualStudioVersion = 16.0.31702.278
MinimumVisualStudioVersion = 10.0.40219.1
Project("{FAE04EC0-301F-11D3-BF4B-00C04F79EFBC}") = "Library02", "Library02\Library02.csproj", "{BD8770C5-F310-4436-A8EA-3BB396CB1EF6}"
EndProject
Global
	GlobalSection(SolutionConfigurationPlatforms) = preSolution
		Debug|Any CPU = Debug|Any CPU
		Release|Any CPU = Release|Any CPU
	EndGlobalSection
	GlobalSection(ProjectConfigurationPlatforms) = postSolution
		{BD8770C5-F310-4436-A8EA-3BB396CB1EF6}.Debug|Any CPU.ActiveCfg = Debug|Any CPU
		{BD8770C5-F310-4436-A8EA-3BB396CB1EF6}.Debug|Any CPU.Build.0 = Debug|Any CPU
		{BD8770C5-F310-4436-A8EA-3BB396CB1EF6}.Release|Any CPU.ActiveCfg = Release|Any CPU
		{BD8770C5-F310-4436-A8EA-3BB396CB1EF6}.Release|Any CPU.Build.0 = Release|Any CPU
	EndGlobalSection
	GlobalSection(SolutionProperties) = preSolution
		HideSolutionNode = FALSE
	EndGlobalSection
	GlobalSection(ExtensibilityGlobals) = postSolution
		SolutionGuid = {3C02D370-C8D4-41EF-84F6-A05CB65F56CF}
	EndGlobalSection
EndGlobal
